
Microsoft Visual Studio Solution File, Format Version 12.00
# Visual Studio Version 17
VisualStudioVersion = 17.10.35027.167
MinimumVisualStudioVersion = 10.0.40219.1
Project("{9A19103F-16F7-4668-BE54-9A1E7A4F7556}") = "CPN-App.Server", "CPN-App.Server\CPN-App.Server.csproj", "{5F002CD3-FC14-4D1D-8F91-67FAF8E9DEFC}"
EndProject
Project("{FAE04EC0-301F-11D3-BF4B-00C04F79EFBC}") = "CPN-App.AppHost", "CPN-App.AppHost\CPN-App.AppHost.csproj", "{BDCA150E-9F25-4B9C-9640-3724931FB91B}"
EndProject
Project("{9A19103F-16F7-4668-BE54-9A1E7A4F7556}") = "CPN-App.ServiceDefaults", "CPN-App.ServiceDefaults\CPN-App.ServiceDefaults.csproj", "{6BB8FF17-F796-414F-A701-11568ED0D107}"
EndProject
Project("{54A90642-561A-4BB1-A94E-469ADEE60C69}") = "cpn-app.client", "cpn-app.client\cpn-app.client.esproj", "{DCFC89ED-7ADE-432B-80CA-17114D96D9CE}"
EndProject
Global
	GlobalSection(SolutionConfigurationPlatforms) = preSolution
		Debug|Any CPU = Debug|Any CPU
		Release|Any CPU = Release|Any CPU
	EndGlobalSection
	GlobalSection(ProjectConfigurationPlatforms) = postSolution
		{5F002CD3-FC14-4D1D-8F91-67FAF8E9DEFC}.Debug|Any CPU.ActiveCfg = Debug|Any CPU
		{5F002CD3-FC14-4D1D-8F91-67FAF8E9DEFC}.Debug|Any CPU.Build.0 = Debug|Any CPU
		{5F002CD3-FC14-4D1D-8F91-67FAF8E9DEFC}.Release|Any CPU.ActiveCfg = Release|Any CPU
		{5F002CD3-FC14-4D1D-8F91-67FAF8E9DEFC}.Release|Any CPU.Build.0 = Release|Any CPU
		{BDCA150E-9F25-4B9C-9640-3724931FB91B}.Debug|Any CPU.ActiveCfg = Debug|Any CPU
		{BDCA150E-9F25-4B9C-9640-3724931FB91B}.Debug|Any CPU.Build.0 = Debug|Any CPU
		{BDCA150E-9F25-4B9C-9640-3724931FB91B}.Release|Any CPU.ActiveCfg = Release|Any CPU
		{BDCA150E-9F25-4B9C-9640-3724931FB91B}.Release|Any CPU.Build.0 = Release|Any CPU
		{6BB8FF17-F796-414F-A701-11568ED0D107}.Debug|Any CPU.ActiveCfg = Debug|Any CPU
		{6BB8FF17-F796-414F-A701-11568ED0D107}.Debug|Any CPU.Build.0 = Debug|Any CPU
		{6BB8FF17-F796-414F-A701-11568ED0D107}.Release|Any CPU.ActiveCfg = Release|Any CPU
		{6BB8FF17-F796-414F-A701-11568ED0D107}.Release|Any CPU.Build.0 = Release|Any CPU
		{DCFC89ED-7ADE-432B-80CA-17114D96D9CE}.Debug|Any CPU.ActiveCfg = Debug|Any CPU
		{DCFC89ED-7ADE-432B-80CA-17114D96D9CE}.Debug|Any CPU.Build.0 = Debug|Any CPU
		{DCFC89ED-7ADE-432B-80CA-17114D96D9CE}.Debug|Any CPU.Deploy.0 = Debug|Any CPU
		{DCFC89ED-7ADE-432B-80CA-17114D96D9CE}.Release|Any CPU.ActiveCfg = Release|Any CPU
		{DCFC89ED-7ADE-432B-80CA-17114D96D9CE}.Release|Any CPU.Build.0 = Release|Any CPU
		{DCFC89ED-7ADE-432B-80CA-17114D96D9CE}.Release|Any CPU.Deploy.0 = Release|Any CPU
	EndGlobalSection
	GlobalSection(SolutionProperties) = preSolution
		HideSolutionNode = FALSE
	EndGlobalSection
	GlobalSection(ExtensibilityGlobals) = postSolution
		SolutionGuid = {549767B8-6F1F-4C82-ACAB-34F7B26311E1}
	EndGlobalSection
EndGlobal
